
Microsoft Visual Studio Solution File, Format Version 12.00
# Visual Studio Version 16
VisualStudioVersion = 16.0.30523.141
MinimumVisualStudioVersion = 10.0.40219.1
Project("{FAE04EC0-301F-11D3-BF4B-00C04F79EFBC}") = "InTents", "InTents.csproj", "{86C53B48-3D33-4C8D-ABA5-E83CD95E8013}"
EndProject
Global
	GlobalSection(SolutionConfigurationPlatforms) = preSolution
		Debug|Any CPU = Debug|Any CPU
		Release|Any CPU = Release|Any CPU
	EndGlobalSection
	GlobalSection(ProjectConfigurationPlatforms) = postSolution
		{86C53B48-3D33-4C8D-ABA5-E83CD95E8013}.Debug|Any CPU.ActiveCfg = Debug|Any CPU
		{86C53B48-3D33-4C8D-ABA5-E83CD95E8013}.Debug|Any CPU.Build.0 = Debug|Any CPU
		{86C53B48-3D33-4C8D-ABA5-E83CD95E8013}.Release|Any CPU.ActiveCfg = Release|Any CPU
		{86C53B48-3D33-4C8D-ABA5-E83CD95E8013}.Release|Any CPU.Build.0 = Release|Any CPU
	EndGlobalSection
	GlobalSection(SolutionProperties) = preSolution
		HideSolutionNode = FALSE
	EndGlobalSection
	GlobalSection(ExtensibilityGlobals) = postSolution
		SolutionGuid = {6EF5BFAC-2F81-4901-B707-6CBA72A67148}
	EndGlobalSection
EndGlobal
